
Microsoft Visual Studio Solution File, Format Version 12.00
# Visual Studio 15
VisualStudioVersion = 15.0.27428.2005
MinimumVisualStudioVersion = 10.0.40219.1
Project("{FAE04EC0-301F-11D3-BF4B-00C04F79EFBC}") = "MathLibrary", "MathLibrary.csproj", "{35010B0A-4413-462D-AD6B-9B9591D32726}"
EndProject
Project("{FAE04EC0-301F-11D3-BF4B-00C04F79EFBC}") = "MathLibTest", "..\MathLibTest\MathLibTest.csproj", "{ECF29810-1996-47D1-97F8-32ADA9966696}"
EndProject
Project("{FAE04EC0-301F-11D3-BF4B-00C04F79EFBC}") = "overflow", "..\..\..\..\ivs_project_2\overflow\overflow\overflow.csproj", "{F714BD15-C12A-4B85-828A-C1363F25E44A}"
EndProject
Global
	GlobalSection(SolutionConfigurationPlatforms) = preSolution
		Debug|Any CPU = Debug|Any CPU
		Release|Any CPU = Release|Any CPU
	EndGlobalSection
	GlobalSection(ProjectConfigurationPlatforms) = postSolution
		{35010B0A-4413-462D-AD6B-9B9591D32726}.Debug|Any CPU.ActiveCfg = Debug|Any CPU
		{35010B0A-4413-462D-AD6B-9B9591D32726}.Debug|Any CPU.Build.0 = Debug|Any CPU
		{35010B0A-4413-462D-AD6B-9B9591D32726}.Release|Any CPU.ActiveCfg = Release|Any CPU
		{35010B0A-4413-462D-AD6B-9B9591D32726}.Release|Any CPU.Build.0 = Release|Any CPU
		{ECF29810-1996-47D1-97F8-32ADA9966696}.Debug|Any CPU.ActiveCfg = Debug|Any CPU
		{ECF29810-1996-47D1-97F8-32ADA9966696}.Debug|Any CPU.Build.0 = Debug|Any CPU
		{ECF29810-1996-47D1-97F8-32ADA9966696}.Release|Any CPU.ActiveCfg = Release|Any CPU
		{ECF29810-1996-47D1-97F8-32ADA9966696}.Release|Any CPU.Build.0 = Release|Any CPU
		{F714BD15-C12A-4B85-828A-C1363F25E44A}.Debug|Any CPU.ActiveCfg = Debug|Any CPU
		{F714BD15-C12A-4B85-828A-C1363F25E44A}.Debug|Any CPU.Build.0 = Debug|Any CPU
		{F714BD15-C12A-4B85-828A-C1363F25E44A}.Release|Any CPU.ActiveCfg = Release|Any CPU
		{F714BD15-C12A-4B85-828A-C1363F25E44A}.Release|Any CPU.Build.0 = Release|Any CPU
	EndGlobalSection
	GlobalSection(SolutionProperties) = preSolution
		HideSolutionNode = FALSE
	EndGlobalSection
	GlobalSection(ExtensibilityGlobals) = postSolution
		SolutionGuid = {0C58B57D-CAC7-49FC-87EA-286D14EF7C8F}
	EndGlobalSection
EndGlobal
