
Microsoft Visual Studio Solution File, Format Version 12.00
# Visual Studio 15
VisualStudioVersion = 15.0.27130.2036
MinimumVisualStudioVersion = 10.0.40219.1
Project("{FAE04EC0-301F-11D3-BF4B-00C04F79EFBC}") = "Calculator", "Calculator.csproj", "{361BEA89-27C5-49EA-8BFB-808725AC1C39}"
EndProject
Project("{FAE04EC0-301F-11D3-BF4B-00C04F79EFBC}") = "MathLibTest", "lib\MathLibTest\MathLibTest.csproj", "{ECF29810-1996-47D1-97F8-32ADA9966696}"
EndProject
Project("{FAE04EC0-301F-11D3-BF4B-00C04F79EFBC}") = "MathLibrary", "lib\MathLibrary\MathLibrary.csproj", "{35010B0A-4413-462D-AD6B-9B9591D32726}"
EndProject
Project("{54435603-DBB4-11D2-8724-00A0C9A8B90C}") = "Installer", "Installer\Installer.vdproj", "{01CA9BD9-AD3F-4BD0-89E0-A2673EA44300}"
EndProject
Project("{FAE04EC0-301F-11D3-BF4B-00C04F79EFBC}") = "Profilling", "..\Profilling\Profilling.csproj", "{713DFCEE-6324-4686-9B44-40218E957456}"
EndProject
Global
	GlobalSection(SolutionConfigurationPlatforms) = preSolution
		Debug|Any CPU = Debug|Any CPU
		Debug|ARM = Debug|ARM
		Debug|x64 = Debug|x64
		Debug|x86 = Debug|x86
		Release|Any CPU = Release|Any CPU
		Release|ARM = Release|ARM
		Release|x64 = Release|x64
		Release|x86 = Release|x86
	EndGlobalSection
	GlobalSection(ProjectConfigurationPlatforms) = postSolution
		{361BEA89-27C5-49EA-8BFB-808725AC1C39}.Debug|Any CPU.ActiveCfg = Debug|Any CPU
		{361BEA89-27C5-49EA-8BFB-808725AC1C39}.Debug|Any CPU.Build.0 = Debug|Any CPU
		{361BEA89-27C5-49EA-8BFB-808725AC1C39}.Debug|ARM.ActiveCfg = Debug|Any CPU
		{361BEA89-27C5-49EA-8BFB-808725AC1C39}.Debug|ARM.Build.0 = Debug|Any CPU
		{361BEA89-27C5-49EA-8BFB-808725AC1C39}.Debug|x64.ActiveCfg = Debug|Any CPU
		{361BEA89-27C5-49EA-8BFB-808725AC1C39}.Debug|x64.Build.0 = Debug|Any CPU
		{361BEA89-27C5-49EA-8BFB-808725AC1C39}.Debug|x86.ActiveCfg = Debug|Any CPU
		{361BEA89-27C5-49EA-8BFB-808725AC1C39}.Debug|x86.Build.0 = Debug|Any CPU
		{361BEA89-27C5-49EA-8BFB-808725AC1C39}.Release|Any CPU.ActiveCfg = Release|Any CPU
		{361BEA89-27C5-49EA-8BFB-808725AC1C39}.Release|Any CPU.Build.0 = Release|Any CPU
		{361BEA89-27C5-49EA-8BFB-808725AC1C39}.Release|ARM.ActiveCfg = Release|Any CPU
		{361BEA89-27C5-49EA-8BFB-808725AC1C39}.Release|ARM.Build.0 = Release|Any CPU
		{361BEA89-27C5-49EA-8BFB-808725AC1C39}.Release|x64.ActiveCfg = Release|Any CPU
		{361BEA89-27C5-49EA-8BFB-808725AC1C39}.Release|x64.Build.0 = Release|Any CPU
		{361BEA89-27C5-49EA-8BFB-808725AC1C39}.Release|x86.ActiveCfg = Release|Any CPU
		{361BEA89-27C5-49EA-8BFB-808725AC1C39}.Release|x86.Build.0 = Release|Any CPU
		{ECF29810-1996-47D1-97F8-32ADA9966696}.Debug|Any CPU.ActiveCfg = Debug|Any CPU
		{ECF29810-1996-47D1-97F8-32ADA9966696}.Debug|Any CPU.Build.0 = Debug|Any CPU
		{ECF29810-1996-47D1-97F8-32ADA9966696}.Debug|ARM.ActiveCfg = Debug|Any CPU
		{ECF29810-1996-47D1-97F8-32ADA9966696}.Debug|ARM.Build.0 = Debug|Any CPU
		{ECF29810-1996-47D1-97F8-32ADA9966696}.Debug|x64.ActiveCfg = Debug|Any CPU
		{ECF29810-1996-47D1-97F8-32ADA9966696}.Debug|x64.Build.0 = Debug|Any CPU
		{ECF29810-1996-47D1-97F8-32ADA9966696}.Debug|x86.ActiveCfg = Debug|Any CPU
		{ECF29810-1996-47D1-97F8-32ADA9966696}.Debug|x86.Build.0 = Debug|Any CPU
		{ECF29810-1996-47D1-97F8-32ADA9966696}.Release|Any CPU.ActiveCfg = Release|Any CPU
		{ECF29810-1996-47D1-97F8-32ADA9966696}.Release|Any CPU.Build.0 = Release|Any CPU
		{ECF29810-1996-47D1-97F8-32ADA9966696}.Release|ARM.ActiveCfg = Release|Any CPU
		{ECF29810-1996-47D1-97F8-32ADA9966696}.Release|ARM.Build.0 = Release|Any CPU
		{ECF29810-1996-47D1-97F8-32ADA9966696}.Release|x64.ActiveCfg = Release|Any CPU
		{ECF29810-1996-47D1-97F8-32ADA9966696}.Release|x64.Build.0 = Release|Any CPU
		{ECF29810-1996-47D1-97F8-32ADA9966696}.Release|x86.ActiveCfg = Release|Any CPU
		{ECF29810-1996-47D1-97F8-32ADA9966696}.Release|x86.Build.0 = Release|Any CPU
		{35010B0A-4413-462D-AD6B-9B9591D32726}.Debug|Any CPU.ActiveCfg = Debug|Any CPU
		{35010B0A-4413-462D-AD6B-9B9591D32726}.Debug|Any CPU.Build.0 = Debug|Any CPU
		{35010B0A-4413-462D-AD6B-9B9591D32726}.Debug|ARM.ActiveCfg = Debug|Any CPU
		{35010B0A-4413-462D-AD6B-9B9591D32726}.Debug|ARM.Build.0 = Debug|Any CPU
		{35010B0A-4413-462D-AD6B-9B9591D32726}.Debug|x64.ActiveCfg = Debug|Any CPU
		{35010B0A-4413-462D-AD6B-9B9591D32726}.Debug|x64.Build.0 = Debug|Any CPU
		{35010B0A-4413-462D-AD6B-9B9591D32726}.Debug|x86.ActiveCfg = Debug|Any CPU
		{35010B0A-4413-462D-AD6B-9B9591D32726}.Debug|x86.Build.0 = Debug|Any CPU
		{35010B0A-4413-462D-AD6B-9B9591D32726}.Release|Any CPU.ActiveCfg = Release|Any CPU
		{35010B0A-4413-462D-AD6B-9B9591D32726}.Release|Any CPU.Build.0 = Release|Any CPU
		{35010B0A-4413-462D-AD6B-9B9591D32726}.Release|ARM.ActiveCfg = Release|Any CPU
		{35010B0A-4413-462D-AD6B-9B9591D32726}.Release|ARM.Build.0 = Release|Any CPU
		{35010B0A-4413-462D-AD6B-9B9591D32726}.Release|x64.ActiveCfg = Release|Any CPU
		{35010B0A-4413-462D-AD6B-9B9591D32726}.Release|x64.Build.0 = Release|Any CPU
		{35010B0A-4413-462D-AD6B-9B9591D32726}.Release|x86.ActiveCfg = Release|Any CPU
		{35010B0A-4413-462D-AD6B-9B9591D32726}.Release|x86.Build.0 = Release|Any CPU
		{01CA9BD9-AD3F-4BD0-89E0-A2673EA44300}.Debug|Any CPU.ActiveCfg = Debug
		{01CA9BD9-AD3F-4BD0-89E0-A2673EA44300}.Debug|ARM.ActiveCfg = Debug
		{01CA9BD9-AD3F-4BD0-89E0-A2673EA44300}.Debug|x64.ActiveCfg = Debug
		{01CA9BD9-AD3F-4BD0-89E0-A2673EA44300}.Debug|x86.ActiveCfg = Debug
		{01CA9BD9-AD3F-4BD0-89E0-A2673EA44300}.Release|Any CPU.ActiveCfg = Release
		{01CA9BD9-AD3F-4BD0-89E0-A2673EA44300}.Release|ARM.ActiveCfg = Release
		{01CA9BD9-AD3F-4BD0-89E0-A2673EA44300}.Release|x64.ActiveCfg = Release
		{01CA9BD9-AD3F-4BD0-89E0-A2673EA44300}.Release|x86.ActiveCfg = Release
		{713DFCEE-6324-4686-9B44-40218E957456}.Debug|Any CPU.ActiveCfg = Debug|x86
		{713DFCEE-6324-4686-9B44-40218E957456}.Debug|ARM.ActiveCfg = Debug|ARM
		{713DFCEE-6324-4686-9B44-40218E957456}.Debug|ARM.Build.0 = Debug|ARM
		{713DFCEE-6324-4686-9B44-40218E957456}.Debug|ARM.Deploy.0 = Debug|ARM
		{713DFCEE-6324-4686-9B44-40218E957456}.Debug|x64.ActiveCfg = Debug|x64
		{713DFCEE-6324-4686-9B44-40218E957456}.Debug|x64.Build.0 = Debug|x64
		{713DFCEE-6324-4686-9B44-40218E957456}.Debug|x64.Deploy.0 = Debug|x64
		{713DFCEE-6324-4686-9B44-40218E957456}.Debug|x86.ActiveCfg = Debug|x86
		{713DFCEE-6324-4686-9B44-40218E957456}.Debug|x86.Build.0 = Debug|x86
		{713DFCEE-6324-4686-9B44-40218E957456}.Debug|x86.Deploy.0 = Debug|x86
		{713DFCEE-6324-4686-9B44-40218E957456}.Release|Any CPU.ActiveCfg = Release|x86
		{713DFCEE-6324-4686-9B44-40218E957456}.Release|ARM.ActiveCfg = Release|ARM
		{713DFCEE-6324-4686-9B44-40218E957456}.Release|ARM.Build.0 = Release|ARM
		{713DFCEE-6324-4686-9B44-40218E957456}.Release|ARM.Deploy.0 = Release|ARM
		{713DFCEE-6324-4686-9B44-40218E957456}.Release|x64.ActiveCfg = Release|x64
		{713DFCEE-6324-4686-9B44-40218E957456}.Release|x64.Build.0 = Release|x64
		{713DFCEE-6324-4686-9B44-40218E957456}.Release|x64.Deploy.0 = Release|x64
		{713DFCEE-6324-4686-9B44-40218E957456}.Release|x86.ActiveCfg = Release|x86
		{713DFCEE-6324-4686-9B44-40218E957456}.Release|x86.Build.0 = Release|x86
		{713DFCEE-6324-4686-9B44-40218E957456}.Release|x86.Deploy.0 = Release|x86
	EndGlobalSection
	GlobalSection(SolutionProperties) = preSolution
		HideSolutionNode = FALSE
	EndGlobalSection
	GlobalSection(ExtensibilityGlobals) = postSolution
		SolutionGuid = {75B0AB18-C69B-4D97-8BEE-8CF3EC96B139}
	EndGlobalSection
EndGlobal
