
Microsoft Visual Studio Solution File, Format Version 12.00
# Visual Studio 15
VisualStudioVersion = 15.0.27130.2036
MinimumVisualStudioVersion = 10.0.40219.1
Project("{FAE04EC0-301F-11D3-BF4B-00C04F79EFBC}") = "Calculator", "Calculator.csproj", "{361BEA89-27C5-49EA-8BFB-808725AC1C39}"
EndProject
Project("{FAE04EC0-301F-11D3-BF4B-00C04F79EFBC}") = "MathLibTest", "lib\MathLibTest\MathLibTest.csproj", "{ECF29810-1996-47D1-97F8-32ADA9966696}"
EndProject
Project("{FAE04EC0-301F-11D3-BF4B-00C04F79EFBC}") = "MathLibrary", "lib\MathLibrary\MathLibrary.csproj", "{35010B0A-4413-462D-AD6B-9B9591D32726}"
EndProject
Global
	GlobalSection(SolutionConfigurationPlatforms) = preSolution
		Debug|Any CPU = Debug|Any CPU
		Release|Any CPU = Release|Any CPU
	EndGlobalSection
	GlobalSection(ProjectConfigurationPlatforms) = postSolution
		{361BEA89-27C5-49EA-8BFB-808725AC1C39}.Debug|Any CPU.ActiveCfg = Debug|Any CPU
		{361BEA89-27C5-49EA-8BFB-808725AC1C39}.Debug|Any CPU.Build.0 = Debug|Any CPU
		{361BEA89-27C5-49EA-8BFB-808725AC1C39}.Release|Any CPU.ActiveCfg = Release|Any CPU
		{361BEA89-27C5-49EA-8BFB-808725AC1C39}.Release|Any CPU.Build.0 = Release|Any CPU
		{ECF29810-1996-47D1-97F8-32ADA9966696}.Debug|Any CPU.ActiveCfg = Debug|Any CPU
		{ECF29810-1996-47D1-97F8-32ADA9966696}.Debug|Any CPU.Build.0 = Debug|Any CPU
		{ECF29810-1996-47D1-97F8-32ADA9966696}.Release|Any CPU.ActiveCfg = Release|Any CPU
		{ECF29810-1996-47D1-97F8-32ADA9966696}.Release|Any CPU.Build.0 = Release|Any CPU
		{35010B0A-4413-462D-AD6B-9B9591D32726}.Debug|Any CPU.ActiveCfg = Debug|Any CPU
		{35010B0A-4413-462D-AD6B-9B9591D32726}.Debug|Any CPU.Build.0 = Debug|Any CPU
		{35010B0A-4413-462D-AD6B-9B9591D32726}.Release|Any CPU.ActiveCfg = Release|Any CPU
		{35010B0A-4413-462D-AD6B-9B9591D32726}.Release|Any CPU.Build.0 = Release|Any CPU
	EndGlobalSection
	GlobalSection(SolutionProperties) = preSolution
		HideSolutionNode = FALSE
	EndGlobalSection
	GlobalSection(ExtensibilityGlobals) = postSolution
		SolutionGuid = {75B0AB18-C69B-4D97-8BEE-8CF3EC96B139}
	EndGlobalSection
EndGlobal
